
Microsoft Visual Studio Solution File, Format Version 12.00
# Visual Studio Version 17
VisualStudioVersion = 17.0.31903.59
MinimumVisualStudioVersion = 10.0.40219.1
Project("{2150E333-8FDC-42A3-9474-1A3956D46DE8}") = "src", "src", "{827E0CD3-B72D-47B6-A68D-7590B98EB39B}"
EndProject
Project("{FAE04EC0-301F-11D3-BF4B-00C04F79EFBC}") = "API", "src\API\API.csproj", "{D6C61125-1D28-4BE9-83C8-21C252E7E395}"
EndProject
Project("{FAE04EC0-301F-11D3-BF4B-00C04F79EFBC}") = "Application", "src\Application\Application.csproj", "{B885216B-DA11-4260-BE42-B4F7DAC2B5C5}"
EndProject
Project("{FAE04EC0-301F-11D3-BF4B-00C04F79EFBC}") = "Domain", "src\Domain\Domain.csproj", "{322B413E-8D52-40B3-85E4-67E7176067E5}"
EndProject
Project("{FAE04EC0-301F-11D3-BF4B-00C04F79EFBC}") = "Infrastructure", "src\Infrastructure\Infrastructure.csproj", "{E4389738-576C-4E59-8DE9-1B661277379A}"
EndProject
Project("{2150E333-8FDC-42A3-9474-1A3956D46DE8}") = "tests", "tests", "{0AB3BF05-4346-4AA6-1389-037BE0695223}"
EndProject
Project("{FAE04EC0-301F-11D3-BF4B-00C04F79EFBC}") = "UnitTests", "tests\UnitTests\UnitTests.csproj", "{ED7F7D4B-A7B7-4AE8-A1EF-36409B57E807}"
EndProject
Project("{FAE04EC0-301F-11D3-BF4B-00C04F79EFBC}") = "IntegrationTests", "tests\IntegrationTests\IntegrationTests.csproj", "{85FE5563-0916-48AC-84E1-73411073CE21}"
EndProject
Global
	GlobalSection(SolutionConfigurationPlatforms) = preSolution
		Debug|Any CPU = Debug|Any CPU
		Debug|x64 = Debug|x64
		Debug|x86 = Debug|x86
		Release|Any CPU = Release|Any CPU
		Release|x64 = Release|x64
		Release|x86 = Release|x86
	EndGlobalSection
	GlobalSection(ProjectConfigurationPlatforms) = postSolution
		{D6C61125-1D28-4BE9-83C8-21C252E7E395}.Debug|Any CPU.ActiveCfg = Debug|Any CPU
		{D6C61125-1D28-4BE9-83C8-21C252E7E395}.Debug|Any CPU.Build.0 = Debug|Any CPU
		{D6C61125-1D28-4BE9-83C8-21C252E7E395}.Debug|x64.ActiveCfg = Debug|Any CPU
		{D6C61125-1D28-4BE9-83C8-21C252E7E395}.Debug|x64.Build.0 = Debug|Any CPU
		{D6C61125-1D28-4BE9-83C8-21C252E7E395}.Debug|x86.ActiveCfg = Debug|Any CPU
		{D6C61125-1D28-4BE9-83C8-21C252E7E395}.Debug|x86.Build.0 = Debug|Any CPU
		{D6C61125-1D28-4BE9-83C8-21C252E7E395}.Release|Any CPU.ActiveCfg = Release|Any CPU
		{D6C61125-1D28-4BE9-83C8-21C252E7E395}.Release|Any CPU.Build.0 = Release|Any CPU
		{D6C61125-1D28-4BE9-83C8-21C252E7E395}.Release|x64.ActiveCfg = Release|Any CPU
		{D6C61125-1D28-4BE9-83C8-21C252E7E395}.Release|x64.Build.0 = Release|Any CPU
		{D6C61125-1D28-4BE9-83C8-21C252E7E395}.Release|x86.ActiveCfg = Release|Any CPU
		{D6C61125-1D28-4BE9-83C8-21C252E7E395}.Release|x86.Build.0 = Release|Any CPU
		{B885216B-DA11-4260-BE42-B4F7DAC2B5C5}.Debug|Any CPU.ActiveCfg = Debug|Any CPU
		{B885216B-DA11-4260-BE42-B4F7DAC2B5C5}.Debug|Any CPU.Build.0 = Debug|Any CPU
		{B885216B-DA11-4260-BE42-B4F7DAC2B5C5}.Debug|x64.ActiveCfg = Debug|Any CPU
		{B885216B-DA11-4260-BE42-B4F7DAC2B5C5}.Debug|x64.Build.0 = Debug|Any CPU
		{B885216B-DA11-4260-BE42-B4F7DAC2B5C5}.Debug|x86.ActiveCfg = Debug|Any CPU
		{B885216B-DA11-4260-BE42-B4F7DAC2B5C5}.Debug|x86.Build.0 = Debug|Any CPU
		{B885216B-DA11-4260-BE42-B4F7DAC2B5C5}.Release|Any CPU.ActiveCfg = Release|Any CPU
		{B885216B-DA11-4260-BE42-B4F7DAC2B5C5}.Release|Any CPU.Build.0 = Release|Any CPU
		{B885216B-DA11-4260-BE42-B4F7DAC2B5C5}.Release|x64.ActiveCfg = Release|Any CPU
		{B885216B-DA11-4260-BE42-B4F7DAC2B5C5}.Release|x64.Build.0 = Release|Any CPU
		{B885216B-DA11-4260-BE42-B4F7DAC2B5C5}.Release|x86.ActiveCfg = Release|Any CPU
		{B885216B-DA11-4260-BE42-B4F7DAC2B5C5}.Release|x86.Build.0 = Release|Any CPU
		{322B413E-8D52-40B3-85E4-67E7176067E5}.Debug|Any CPU.ActiveCfg = Debug|Any CPU
		{322B413E-8D52-40B3-85E4-67E7176067E5}.Debug|Any CPU.Build.0 = Debug|Any CPU
		{322B413E-8D52-40B3-85E4-67E7176067E5}.Debug|x64.ActiveCfg = Debug|Any CPU
		{322B413E-8D52-40B3-85E4-67E7176067E5}.Debug|x64.Build.0 = Debug|Any CPU
		{322B413E-8D52-40B3-85E4-67E7176067E5}.Debug|x86.ActiveCfg = Debug|Any CPU
		{322B413E-8D52-40B3-85E4-67E7176067E5}.Debug|x86.Build.0 = Debug|Any CPU
		{322B413E-8D52-40B3-85E4-67E7176067E5}.Release|Any CPU.ActiveCfg = Release|Any CPU
		{322B413E-8D52-40B3-85E4-67E7176067E5}.Release|Any CPU.Build.0 = Release|Any CPU
		{322B413E-8D52-40B3-85E4-67E7176067E5}.Release|x64.ActiveCfg = Release|Any CPU
		{322B413E-8D52-40B3-85E4-67E7176067E5}.Release|x64.Build.0 = Release|Any CPU
		{322B413E-8D52-40B3-85E4-67E7176067E5}.Release|x86.ActiveCfg = Release|Any CPU
		{322B413E-8D52-40B3-85E4-67E7176067E5}.Release|x86.Build.0 = Release|Any CPU
		{E4389738-576C-4E59-8DE9-1B661277379A}.Debug|Any CPU.ActiveCfg = Debug|Any CPU
		{E4389738-576C-4E59-8DE9-1B661277379A}.Debug|Any CPU.Build.0 = Debug|Any CPU
		{E4389738-576C-4E59-8DE9-1B661277379A}.Debug|x64.ActiveCfg = Debug|Any CPU
		{E4389738-576C-4E59-8DE9-1B661277379A}.Debug|x64.Build.0 = Debug|Any CPU
		{E4389738-576C-4E59-8DE9-1B661277379A}.Debug|x86.ActiveCfg = Debug|Any CPU
		{E4389738-576C-4E59-8DE9-1B661277379A}.Debug|x86.Build.0 = Debug|Any CPU
		{E4389738-576C-4E59-8DE9-1B661277379A}.Release|Any CPU.ActiveCfg = Release|Any CPU
		{E4389738-576C-4E59-8DE9-1B661277379A}.Release|Any CPU.Build.0 = Release|Any CPU
		{E4389738-576C-4E59-8DE9-1B661277379A}.Release|x64.ActiveCfg = Release|Any CPU
		{E4389738-576C-4E59-8DE9-1B661277379A}.Release|x64.Build.0 = Release|Any CPU
		{E4389738-576C-4E59-8DE9-1B661277379A}.Release|x86.ActiveCfg = Release|Any CPU
		{E4389738-576C-4E59-8DE9-1B661277379A}.Release|x86.Build.0 = Release|Any CPU
		{ED7F7D4B-A7B7-4AE8-A1EF-36409B57E807}.Debug|Any CPU.ActiveCfg = Debug|Any CPU
		{ED7F7D4B-A7B7-4AE8-A1EF-36409B57E807}.Debug|Any CPU.Build.0 = Debug|Any CPU
		{ED7F7D4B-A7B7-4AE8-A1EF-36409B57E807}.Debug|x64.ActiveCfg = Debug|Any CPU
		{ED7F7D4B-A7B7-4AE8-A1EF-36409B57E807}.Debug|x64.Build.0 = Debug|Any CPU
		{ED7F7D4B-A7B7-4AE8-A1EF-36409B57E807}.Debug|x86.ActiveCfg = Debug|Any CPU
		{ED7F7D4B-A7B7-4AE8-A1EF-36409B57E807}.Debug|x86.Build.0 = Debug|Any CPU
		{ED7F7D4B-A7B7-4AE8-A1EF-36409B57E807}.Release|Any CPU.ActiveCfg = Release|Any CPU
		{ED7F7D4B-A7B7-4AE8-A1EF-36409B57E807}.Release|Any CPU.Build.0 = Release|Any CPU
		{ED7F7D4B-A7B7-4AE8-A1EF-36409B57E807}.Release|x64.ActiveCfg = Release|Any CPU
		{ED7F7D4B-A7B7-4AE8-A1EF-36409B57E807}.Release|x64.Build.0 = Release|Any CPU
		{ED7F7D4B-A7B7-4AE8-A1EF-36409B57E807}.Release|x86.ActiveCfg = Release|Any CPU
		{ED7F7D4B-A7B7-4AE8-A1EF-36409B57E807}.Release|x86.Build.0 = Release|Any CPU
		{85FE5563-0916-48AC-84E1-73411073CE21}.Debug|Any CPU.ActiveCfg = Debug|Any CPU
		{85FE5563-0916-48AC-84E1-73411073CE21}.Debug|Any CPU.Build.0 = Debug|Any CPU
		{85FE5563-0916-48AC-84E1-73411073CE21}.Debug|x64.ActiveCfg = Debug|Any CPU
		{85FE5563-0916-48AC-84E1-73411073CE21}.Debug|x64.Build.0 = Debug|Any CPU
		{85FE5563-0916-48AC-84E1-73411073CE21}.Debug|x86.ActiveCfg = Debug|Any CPU
		{85FE5563-0916-48AC-84E1-73411073CE21}.Debug|x86.Build.0 = Debug|Any CPU
		{85FE5563-0916-48AC-84E1-73411073CE21}.Release|Any CPU.ActiveCfg = Release|Any CPU
		{85FE5563-0916-48AC-84E1-73411073CE21}.Release|Any CPU.Build.0 = Release|Any CPU
		{85FE5563-0916-48AC-84E1-73411073CE21}.Release|x64.ActiveCfg = Release|Any CPU
		{85FE5563-0916-48AC-84E1-73411073CE21}.Release|x64.Build.0 = Release|Any CPU
		{85FE5563-0916-48AC-84E1-73411073CE21}.Release|x86.ActiveCfg = Release|Any CPU
		{85FE5563-0916-48AC-84E1-73411073CE21}.Release|x86.Build.0 = Release|Any CPU
	EndGlobalSection
	GlobalSection(SolutionProperties) = preSolution
		HideSolutionNode = FALSE
	EndGlobalSection
	GlobalSection(NestedProjects) = preSolution
		{D6C61125-1D28-4BE9-83C8-21C252E7E395} = {827E0CD3-B72D-47B6-A68D-7590B98EB39B}
		{B885216B-DA11-4260-BE42-B4F7DAC2B5C5} = {827E0CD3-B72D-47B6-A68D-7590B98EB39B}
		{322B413E-8D52-40B3-85E4-67E7176067E5} = {827E0CD3-B72D-47B6-A68D-7590B98EB39B}
		{E4389738-576C-4E59-8DE9-1B661277379A} = {827E0CD3-B72D-47B6-A68D-7590B98EB39B}
		{ED7F7D4B-A7B7-4AE8-A1EF-36409B57E807} = {0AB3BF05-4346-4AA6-1389-037BE0695223}
		{85FE5563-0916-48AC-84E1-73411073CE21} = {0AB3BF05-4346-4AA6-1389-037BE0695223}
	EndGlobalSection
EndGlobal
